
Microsoft Visual Studio Solution File, Format Version 12.00
# Visual Studio 14
VisualStudioVersion = 14.0.24720.0
MinimumVisualStudioVersion = 10.0.40219.1
Project("{FAE04EC0-301F-11D3-BF4B-00C04F79EFBC}") = "SQL", "SQL\SQL.csproj", "{A4D23840-9B87-47F0-86BA-29A3F3E457E0}"
EndProject
Project("{FAE04EC0-301F-11D3-BF4B-00C04F79EFBC}") = "Transaction", "Transaction\Transaction.csproj", "{1CBB708F-451D-4436-A514-0924B6F66594}"
EndProject
Project("{FAE04EC0-301F-11D3-BF4B-00C04F79EFBC}") = "Exception", "Exception\Exception.csproj", "{EFB73525-AEE8-4A2F-B0BA-B647567DD05A}"
EndProject
Global
	GlobalSection(SolutionConfigurationPlatforms) = preSolution
		Debug|Any CPU = Debug|Any CPU
		Release|Any CPU = Release|Any CPU
	EndGlobalSection
	GlobalSection(ProjectConfigurationPlatforms) = postSolution
		{A4D23840-9B87-47F0-86BA-29A3F3E457E0}.Debug|Any CPU.ActiveCfg = Debug|Any CPU
		{A4D23840-9B87-47F0-86BA-29A3F3E457E0}.Debug|Any CPU.Build.0 = Debug|Any CPU
		{A4D23840-9B87-47F0-86BA-29A3F3E457E0}.Release|Any CPU.ActiveCfg = Release|Any CPU
		{A4D23840-9B87-47F0-86BA-29A3F3E457E0}.Release|Any CPU.Build.0 = Release|Any CPU
		{1CBB708F-451D-4436-A514-0924B6F66594}.Debug|Any CPU.ActiveCfg = Debug|Any CPU
		{1CBB708F-451D-4436-A514-0924B6F66594}.Debug|Any CPU.Build.0 = Debug|Any CPU
		{1CBB708F-451D-4436-A514-0924B6F66594}.Release|Any CPU.ActiveCfg = Release|Any CPU
		{1CBB708F-451D-4436-A514-0924B6F66594}.Release|Any CPU.Build.0 = Release|Any CPU
		{EFB73525-AEE8-4A2F-B0BA-B647567DD05A}.Debug|Any CPU.ActiveCfg = Debug|Any CPU
		{EFB73525-AEE8-4A2F-B0BA-B647567DD05A}.Debug|Any CPU.Build.0 = Debug|Any CPU
		{EFB73525-AEE8-4A2F-B0BA-B647567DD05A}.Release|Any CPU.ActiveCfg = Release|Any CPU
		{EFB73525-AEE8-4A2F-B0BA-B647567DD05A}.Release|Any CPU.Build.0 = Release|Any CPU
	EndGlobalSection
	GlobalSection(SolutionProperties) = preSolution
		HideSolutionNode = FALSE
	EndGlobalSection
EndGlobal
